
Microsoft Visual Studio Solution File, Format Version 12.00
# Visual Studio Version 16
VisualStudioVersion = 16.0.29201.188
MinimumVisualStudioVersion = 10.0.40219.1
Project("{FAE04EC0-301F-11D3-BF4B-00C04F79EFBC}") = "ThunderLoader", "ThunderLoader\ThunderLoader.csproj", "{A2D11424-8C70-4CAB-8872-E1CCFBB3E44F}"
EndProject
Project("{FAE04EC0-301F-11D3-BF4B-00C04F79EFBC}") = "ThunderPatcher", "ThunderPatcher\ThunderPatcher.csproj", "{02C60996-E1E6-42F5-AA23-BAA40961E5C0}"
EndProject
Global
	GlobalSection(SolutionConfigurationPlatforms) = preSolution
		Debug|Any CPU = Debug|Any CPU
		Release|Any CPU = Release|Any CPU
	EndGlobalSection
	GlobalSection(ProjectConfigurationPlatforms) = postSolution
		{A2D11424-8C70-4CAB-8872-E1CCFBB3E44F}.Debug|Any CPU.ActiveCfg = Debug|Any CPU
		{A2D11424-8C70-4CAB-8872-E1CCFBB3E44F}.Debug|Any CPU.Build.0 = Debug|Any CPU
		{A2D11424-8C70-4CAB-8872-E1CCFBB3E44F}.Release|Any CPU.ActiveCfg = Release|Any CPU
		{A2D11424-8C70-4CAB-8872-E1CCFBB3E44F}.Release|Any CPU.Build.0 = Release|Any CPU
		{02C60996-E1E6-42F5-AA23-BAA40961E5C0}.Debug|Any CPU.ActiveCfg = Debug|Any CPU
		{02C60996-E1E6-42F5-AA23-BAA40961E5C0}.Debug|Any CPU.Build.0 = Debug|Any CPU
		{02C60996-E1E6-42F5-AA23-BAA40961E5C0}.Release|Any CPU.ActiveCfg = Release|Any CPU
		{02C60996-E1E6-42F5-AA23-BAA40961E5C0}.Release|Any CPU.Build.0 = Release|Any CPU
	EndGlobalSection
	GlobalSection(SolutionProperties) = preSolution
		HideSolutionNode = FALSE
	EndGlobalSection
	GlobalSection(ExtensibilityGlobals) = postSolution
		SolutionGuid = {2DCFA9D8-2E70-4BFF-98D0-EB2F96A98EE7}
	EndGlobalSection
EndGlobal
